// !$*UTF8*$!
{
	archiveVersion = 1;
	classes = {
	};
	objectVersion = 55;
	objects = {

/* Begin PBXBuildFile section */
		835E3385279A08B80043E76E /* SettingsViewController.swift in Sources */ = {isa = PBXBuildFile; fileRef = 835E3384279A08B80043E76E /* SettingsViewController.swift */; };
		835E3387279E115C0043E76E /* UserDefaults+Extension.swift in Sources */ = {isa = PBXBuildFile; fileRef = 835E3386279E115C0043E76E /* UserDefaults+Extension.swift */; };
		837B5D6C2799FEC200882BDE /* AppDelegate.swift in Sources */ = {isa = PBXBuildFile; fileRef = 837B5D6B2799FEC200882BDE /* AppDelegate.swift */; };
		837B5D6E2799FEC200882BDE /* SceneDelegate.swift in Sources */ = {isa = PBXBuildFile; fileRef = 837B5D6D2799FEC200882BDE /* SceneDelegate.swift */; };
		837B5D702799FEC200882BDE /* ViewController.swift in Sources */ = {isa = PBXBuildFile; fileRef = 837B5D6F2799FEC200882BDE /* ViewController.swift */; };
		837B5D732799FEC200882BDE /* Main.storyboard in Resources */ = {isa = PBXBuildFile; fileRef = 837B5D712799FEC200882BDE /* Main.storyboard */; };
		837B5D752799FEC300882BDE /* Assets.xcassets in Resources */ = {isa = PBXBuildFile; fileRef = 837B5D742799FEC300882BDE /* Assets.xcassets */; };
		837B5D782799FEC300882BDE /* LaunchScreen.storyboard in Resources */ = {isa = PBXBuildFile; fileRef = 837B5D762799FEC300882BDE /* LaunchScreen.storyboard */; };
		837B5D832799FEC300882BDE /* PreworkTests.swift in Sources */ = {isa = PBXBuildFile; fileRef = 837B5D822799FEC300882BDE /* PreworkTests.swift */; };
		837B5D8D2799FEC300882BDE /* PreworkUITests.swift in Sources */ = {isa = PBXBuildFile; fileRef = 837B5D8C2799FEC300882BDE /* PreworkUITests.swift */; };
		837B5D8F2799FEC300882BDE /* PreworkUITestsLaunchTests.swift in Sources */ = {isa = PBXBuildFile; fileRef = 837B5D8E2799FEC300882BDE /* PreworkUITestsLaunchTests.swift */; };
/* End PBXBuildFile section */

/* Begin PBXContainerItemProxy section */
		837B5D7F2799FEC300882BDE /* PBXContainerItemProxy */ = {
			isa = PBXContainerItemProxy;
			containerPortal = 837B5D602799FEC200882BDE /* Project object */;
			proxyType = 1;
			remoteGlobalIDString = 837B5D672799FEC200882BDE;
			remoteInfo = Prework;
		};
		837B5D892799FEC300882BDE /* PBXContainerItemProxy */ = {
			isa = PBXContainerItemProxy;
			containerPortal = 837B5D602799FEC200882BDE /* Project object */;
			proxyType = 1;
			remoteGlobalIDString = 837B5D672799FEC200882BDE;
			remoteInfo = Prework;
		};
/* End PBXContainerItemProxy section */

/* Begin PBXFileReference section */
		835E3384279A08B80043E76E /* SettingsViewController.swift */ = {isa = PBXFileReference; lastKnownFileType = sourcecode.swift; path = SettingsViewController.swift; sourceTree = "<group>"; };
		835E3386279E115C0043E76E /* UserDefaults+Extension.swift */ = {isa = PBXFileReference; lastKnownFileType = sourcecode.swift; path = "UserDefaults+Extension.swift"; sourceTree = "<group>"; };
		837B5D682799FEC200882BDE /* Prework.app */ = {isa = PBXFileReference; explicitFileType = wrapper.application; includeInIndex = 0; path = Prework.app; sourceTree = BUILT_PRODUCTS_DIR; };
		837B5D6B2799FEC200882BDE /* AppDelegate.swift */ = {isa = PBXFileReference; lastKnownFileType = sourcecode.swift; path = AppDelegate.swift; sourceTree = "<group>"; };
		837B5D6D2799FEC200882BDE /* SceneDelegate.swift */ = {isa = PBXFileReference; lastKnownFileType = sourcecode.swift; path = SceneDelegate.swift; sourceTree = "<group>"; };
		837B5D6F2799FEC200882BDE /* ViewController.swift */ = {isa = PBXFileReference; lastKnownFileType = sourcecode.swift; path = ViewController.swift; sourceTree = "<group>"; };
		837B5D722799FEC200882BDE /* Base */ = {isa = PBXFileReference; lastKnownFileType = file.storyboard; name = Base; path = Base.lproj/Main.storyboard; sourceTree = "<group>"; };
		837B5D742799FEC300882BDE /* Assets.xcassets */ = {isa = PBXFileReference; lastKnownFileType = folder.assetcatalog; path = Assets.xcassets; sourceTree = "<group>"; };
		837B5D772799FEC300882BDE /* Base */ = {isa = PBXFileReference; lastKnownFileType = file.storyboard; name = Base; path = Base.lproj/LaunchScreen.storyboard; sourceTree = "<group>"; };
		837B5D792799FEC300882BDE /* Info.plist */ = {isa = PBXFileReference; lastKnownFileType = text.plist.xml; path = Info.plist; sourceTree = "<group>"; };
		837B5D7E2799FEC300882BDE /* PreworkTests.xctest */ = {isa = PBXFileReference; explicitFileType = wrapper.cfbundle; includeInIndex = 0; path = PreworkTests.xctest; sourceTree = BUILT_PRODUCTS_DIR; };
		837B5D822799FEC300882BDE /* PreworkTests.swift */ = {isa = PBXFileReference; lastKnownFileType = sourcecode.swift; path = PreworkTests.swift; sourceTree = "<group>"; };
		837B5D882799FEC300882BDE /* PreworkUITests.xctest */ = {isa = PBXFileReference; explicitFileType = wrapper.cfbundle; includeInIndex = 0; path = PreworkUITests.xctest; sourceTree = BUILT_PRODUCTS_DIR; };
		837B5D8C2799FEC300882BDE /* PreworkUITests.swift */ = {isa = PBXFileReference; lastKnownFileType = sourcecode.swift; path = PreworkUITests.swift; sourceTree = "<group>"; };
		837B5D8E2799FEC300882BDE /* PreworkUITestsLaunchTests.swift */ = {isa = PBXFileReference; lastKnownFileType = sourcecode.swift; path = PreworkUITestsLaunchTests.swift; sourceTree = "<group>"; };
/* End PBXFileReference section */

/* Begin PBXFrameworksBuildPhase section */
		837B5D652799FEC200882BDE /* Frameworks */ = {
			isa = PBXFrameworksBuildPhase;
			buildActionMask = 2147483647;
			files = (
			);
			runOnlyForDeploymentPostprocessing = 0;
		};
		837B5D7B2799FEC300882BDE /* Frameworks */ = {
			isa = PBXFrameworksBuildPhase;
			buildActionMask = 2147483647;
			files = (
			);
			runOnlyForDeploymentPostprocessing = 0;
		};
		837B5D852799FEC300882BDE /* Frameworks */ = {
			isa = PBXFrameworksBuildPhase;
			buildActionMask = 2147483647;
			files = (
			);
			runOnlyForDeploymentPostprocessing = 0;
		};
/* End PBXFrameworksBuildPhase section */

/* Begin PBXGroup section */
		837B5D5F2799FEC200882BDE = {
			isa = PBXGroup;
			children = (
				837B5D6A2799FEC200882BDE /* Prework */,
				837B5D812799FEC300882BDE /* PreworkTests */,
				837B5D8B2799FEC300882BDE /* PreworkUITests */,
				837B5D692799FEC200882BDE /* Products */,
			);
			sourceTree = "<group>";
		};
		837B5D692799FEC200882BDE /* Products */ = {
			isa = PBXGroup;
			children = (
				837B5D682799FEC200882BDE /* Prework.app */,
				837B5D7E2799FEC300882BDE /* PreworkTests.xctest */,
				837B5D882799FEC300882BDE /* PreworkUITests.xctest */,
			);
			name = Products;
			sourceTree = "<group>";
		};
		837B5D6A2799FEC200882BDE /* Prework */ = {
			isa = PBXGroup;
			children = (
				837B5D6B2799FEC200882BDE /* AppDelegate.swift */,
				837B5D6D2799FEC200882BDE /* SceneDelegate.swift */,
				837B5D6F2799FEC200882BDE /* ViewController.swift */,
				837B5D712799FEC200882BDE /* Main.storyboard */,
				835E3384279A08B80043E76E /* SettingsViewController.swift */,
				837B5D742799FEC300882BDE /* Assets.xcassets */,
				837B5D762799FEC300882BDE /* LaunchScreen.storyboard */,
				837B5D792799FEC300882BDE /* Info.plist */,
				835E3386279E115C0043E76E /* UserDefaults+Extension.swift */,
			);
			path = Prework;
			sourceTree = "<group>";
		};
		837B5D812799FEC300882BDE /* PreworkTests */ = {
			isa = PBXGroup;
			children = (
				837B5D822799FEC300882BDE /* PreworkTests.swift */,
			);
			path = PreworkTests;
			sourceTree = "<group>";
		};
		837B5D8B2799FEC300882BDE /* PreworkUITests */ = {
			isa = PBXGroup;
			children = (
				837B5D8C2799FEC300882BDE /* PreworkUITests.swift */,
				837B5D8E2799FEC300882BDE /* PreworkUITestsLaunchTests.swift */,
			);
			path = PreworkUITests;
			sourceTree = "<group>";
		};
/* End PBXGroup section */

/* Begin PBXNativeTarget section */
		837B5D672799FEC200882BDE /* Prework */ = {
			isa = PBXNativeTarget;
			buildConfigurationList = 837B5D922799FEC300882BDE /* Build configuration list for PBXNativeTarget "Prework" */;
			buildPhases = (
				837B5D642799FEC200882BDE /* Sources */,
				837B5D652799FEC200882BDE /* Frameworks */,
				837B5D662799FEC200882BDE /* Resources */,
			);
			buildRules = (
			);
			dependencies = (
			);
			name = Prework;
			productName = Prework;
			productReference = 837B5D682799FEC200882BDE /* Prework.app */;
			productType = "com.apple.product-type.application";
		};
		837B5D7D2799FEC300882BDE /* PreworkTests */ = {
			isa = PBXNativeTarget;
			buildConfigurationList = 837B5D952799FEC300882BDE /* Build configuration list for PBXNativeTarget "PreworkTests" */;
			buildPhases = (
				837B5D7A2799FEC300882BDE /* Sources */,
				837B5D7B2799FEC300882BDE /* Frameworks */,
				837B5D7C2799FEC300882BDE /* Resources */,
			);
			buildRules = (
			);
			dependencies = (
				837B5D802799FEC300882BDE /* PBXTargetDependency */,
			);
			name = PreworkTests;
			productName = PreworkTests;
			productReference = 837B5D7E2799FEC300882BDE /* PreworkTests.xctest */;
			productType = "com.apple.product-type.bundle.unit-test";
		};
		837B5D872799FEC300882BDE /* PreworkUITests */ = {
			isa = PBXNativeTarget;
			buildConfigurationList = 837B5D982799FEC300882BDE /* Build configuration list for PBXNativeTarget "PreworkUITests" */;
			buildPhases = (
				837B5D842799FEC300882BDE /* Sources */,
				837B5D852799FEC300882BDE /* Frameworks */,
				837B5D862799FEC300882BDE /* Resources */,
			);
			buildRules = (
			);
			dependencies = (
				837B5D8A2799FEC300882BDE /* PBXTargetDependency */,
			);
			name = PreworkUITests;
			productName = PreworkUITests;
			productReference = 837B5D882799FEC300882BDE /* PreworkUITests.xctest */;
			productType = "com.apple.product-type.bundle.ui-testing";
		};
/* End PBXNativeTarget section */

/* Begin PBXProject section */
		837B5D602799FEC200882BDE /* Project object */ = {
			isa = PBXProject;
			attributes = {
				BuildIndependentTargetsInParallel = 1;
				LastSwiftUpdateCheck = 1320;
				LastUpgradeCheck = 1320;
				TargetAttributes = {
					837B5D672799FEC200882BDE = {
						CreatedOnToolsVersion = 13.2.1;
					};
					837B5D7D2799FEC300882BDE = {
						CreatedOnToolsVersion = 13.2.1;
						TestTargetID = 837B5D672799FEC200882BDE;
					};
					837B5D872799FEC300882BDE = {
						CreatedOnToolsVersion = 13.2.1;
						TestTargetID = 837B5D672799FEC200882BDE;
					};
				};
			};
			buildConfigurationList = 837B5D632799FEC200882BDE /* Build configuration list for PBXProject "Prework" */;
			compatibilityVersion = "Xcode 13.0";
			developmentRegion = en;
			hasScannedForEncodings = 0;
			knownRegions = (
				en,
				Base,
			);
			mainGroup = 837B5D5F2799FEC200882BDE;
			productRefGroup = 837B5D692799FEC200882BDE /* Products */;
			projectDirPath = "";
			projectRoot = "";
			targets = (
				837B5D672799FEC200882BDE /* Prework */,
				837B5D7D2799FEC300882BDE /* PreworkTests */,
				837B5D872799FEC300882BDE /* PreworkUITests */,
			);
		};
/* End PBXProject section */

/* Begin PBXResourcesBuildPhase section */
		837B5D662799FEC200882BDE /* Resources */ = {
			isa = PBXResourcesBuildPhase;
			buildActionMask = 2147483647;
			files = (
				837B5D782799FEC300882BDE /* LaunchScreen.storyboard in Resources */,
				837B5D752799FEC300882BDE /* Assets.xcassets in Resources */,
				837B5D732799FEC200882BDE /* Main.storyboard in Resources */,
			);
			runOnlyForDeploymentPostprocessing = 0;
		};
		837B5D7C2799FEC300882BDE /* Resources */ = {
			isa = PBXResourcesBuildPhase;
			buildActionMask = 2147483647;
			files = (
			);
			runOnlyForDeploymentPostprocessing = 0;
		};
		837B5D862799FEC300882BDE /* Resources */ = {
			isa = PBXResourcesBuildPhase;
			buildActionMask = 2147483647;
			files = (
			);
			runOnlyForDeploymentPostprocessing = 0;
		};
/* End PBXResourcesBuildPhase section */

/* Begin PBXSourcesBuildPhase section */
		837B5D642799FEC200882BDE /* Sources */ = {
			isa = PBXSourcesBuildPhase;
			buildActionMask = 2147483647;
			files = (
				837B5D702799FEC200882BDE /* ViewController.swift in Sources */,
				837B5D6C2799FEC200882BDE /* AppDelegate.swift in Sources */,
				837B5D6E2799FEC200882BDE /* SceneDelegate.swift in Sources */,
				835E3387279E115C0043E76E /* UserDefaults+Extension.swift in Sources */,
				835E3385279A08B80043E76E /* SettingsViewController.swift in Sources */,
			);
			runOnlyForDeploymentPostprocessing = 0;
		};
		837B5D7A2799FEC300882BDE /* Sources */ = {
			isa = PBXSourcesBuildPhase;
			buildActionMask = 2147483647;
			files = (
				837B5D832799FEC300882BDE /* PreworkTests.swift in Sources */,
			);
			runOnlyForDeploymentPostprocessing = 0;
		};
		837B5D842799FEC300882BDE /* Sources */ = {
			isa = PBXSourcesBuildPhase;
			buildActionMask = 2147483647;
			files = (
				837B5D8D2799FEC300882BDE /* PreworkUITests.swift in Sources */,
				837B5D8F2799FEC300882BDE /* PreworkUITestsLaunchTests.swift in Sources */,
			);
			runOnlyForDeploymentPostprocessing = 0;
		};
/* End PBXSourcesBuildPhase section */

/* Begin PBXTargetDependency section */
		837B5D802799FEC300882BDE /* PBXTargetDependency */ = {
			isa = PBXTargetDependency;
			target = 837B5D672799FEC200882BDE /* Prework */;
			targetProxy = 837B5D7F2799FEC300882BDE /* PBXContainerItemProxy */;
		};
		837B5D8A2799FEC300882BDE /* PBXTargetDependency */ = {
			isa = PBXTargetDependency;
			target = 837B5D672799FEC200882BDE /* Prework */;
			targetProxy = 837B5D892799FEC300882BDE /* PBXContainerItemProxy */;
		};
/* End PBXTargetDependency section */

/* Begin PBXVariantGroup section */
		837B5D712799FEC200882BDE /* Main.storyboard */ = {
			isa = PBXVariantGroup;
			children = (
				837B5D722799FEC200882BDE /* Base */,
			);
			name = Main.storyboard;
			sourceTree = "<group>";
		};
		837B5D762799FEC300882BDE /* LaunchScreen.storyboard */ = {
			isa = PBXVariantGroup;
			children = (
				837B5D772799FEC300882BDE /* Base */,
			);
			name = LaunchScreen.storyboard;
			sourceTree = "<group>";
		};
/* End PBXVariantGroup section */

/* Begin XCBuildConfiguration section */
		837B5D902799FEC300882BDE /* Debug */ = {
			isa = XCBuildConfiguration;
			buildSettings = {
				ALWAYS_SEARCH_USER_PATHS = NO;
				CLANG_ANALYZER_NONNULL = YES;
				CLANG_ANALYZER_NUMBER_OBJECT_CONVERSION = YES_AGGRESSIVE;
				CLANG_CXX_LANGUAGE_STANDARD = "gnu++17";
				CLANG_CXX_LIBRARY = "libc++";
				CLANG_ENABLE_MODULES = YES;
				CLANG_ENABLE_OBJC_ARC = YES;
				CLANG_ENABLE_OBJC_WEAK = YES;
				CLANG_WARN_BLOCK_CAPTURE_AUTORELEASING = YES;
				CLANG_WARN_BOOL_CONVERSION = YES;
				CLANG_WARN_COMMA = YES;
				CLANG_WARN_CONSTANT_CONVERSION = YES;
				CLANG_WARN_DEPRECATED_OBJC_IMPLEMENTATIONS = YES;
				CLANG_WARN_DIRECT_OBJC_ISA_USAGE = YES_ERROR;
				CLANG_WARN_DOCUMENTATION_COMMENTS = YES;
				CLANG_WARN_EMPTY_BODY = YES;
				CLANG_WARN_ENUM_CONVERSION = YES;
				CLANG_WARN_INFINITE_RECURSION = YES;
				CLANG_WARN_INT_CONVERSION = YES;
				CLANG_WARN_NON_LITERAL_NULL_CONVERSION = YES;
				CLANG_WARN_OBJC_IMPLICIT_RETAIN_SELF = YES;
				CLANG_WARN_OBJC_LITERAL_CONVERSION = YES;
				CLANG_WARN_OBJC_ROOT_CLASS = YES_ERROR;
				CLANG_WARN_QUOTED_INCLUDE_IN_FRAMEWORK_HEADER = YES;
				CLANG_WARN_RANGE_LOOP_ANALYSIS = YES;
				CLANG_WARN_STRICT_PROTOTYPES = YES;
				CLANG_WARN_SUSPICIOUS_MOVE = YES;
				CLANG_WARN_UNGUARDED_AVAILABILITY = YES_AGGRESSIVE;
				CLANG_WARN_UNREACHABLE_CODE = YES;
				CLANG_WARN__DUPLICATE_METHOD_MATCH = YES;
				COPY_PHASE_STRIP = NO;
				DEBUG_INFORMATION_FORMAT = dwarf;
				ENABLE_STRICT_OBJC_MSGSEND = YES;
				ENABLE_TESTABILITY = YES;
				GCC_C_LANGUAGE_STANDARD = gnu11;
				GCC_DYNAMIC_NO_PIC = NO;
				GCC_NO_COMMON_BLOCKS = YES;
				GCC_OPTIMIZATION_LEVEL = 0;
				GCC_PREPROCESSOR_DEFINITIONS = (
					"DEBUG=1",
					"$(inherited)",
				);
				GCC_WARN_64_TO_32_BIT_CONVERSION = YES;
				GCC_WARN_ABOUT_RETURN_TYPE = YES_ERROR;
				GCC_WARN_UNDECLARED_SELECTOR = YES;
				GCC_WARN_UNINITIALIZED_AUTOS = YES_AGGRESSIVE;
				GCC_WARN_UNUSED_FUNCTION = YES;
				GCC_WARN_UNUSED_VARIABLE = YES;
				IPHONEOS_DEPLOYMENT_TARGET = 15.2;
				MTL_ENABLE_DEBUG_INFO = INCLUDE_SOURCE;
				MTL_FAST_MATH = YES;
				ONLY_ACTIVE_ARCH = YES;
				SDKROOT = iphoneos;
				SWIFT_ACTIVE_COMPILATION_CONDITIONS = DEBUG;
				SWIFT_OPTIMIZATION_LEVEL = "-Onone";
			};
			name = Debug;
		};
		837B5D912799FEC300882BDE /* Release */ = {
			isa = XCBuildConfiguration;
			buildSettings = {
				ALWAYS_SEARCH_USER_PATHS = NO;
				CLANG_ANALYZER_NONNULL = YES;
				CLANG_ANALYZER_NUMBER_OBJECT_CONVERSION = YES_AGGRESSIVE;
				CLANG_CXX_LANGUAGE_STANDARD = "gnu++17";
				CLANG_CXX_LIBRARY = "libc++";
				CLANG_ENABLE_MODULES = YES;
				CLANG_ENABLE_OBJC_ARC = YES;
				CLANG_ENABLE_OBJC_WEAK = YES;
				CLANG_WARN_BLOCK_CAPTURE_AUTORELEASING = YES;
				CLANG_WARN_BOOL_CONVERSION = YES;
				CLANG_WARN_COMMA = YES;
				CLANG_WARN_CONSTANT_CONVERSION = YES;
				CLANG_WARN_DEPRECATED_OBJC_IMPLEMENTATIONS = YES;
				CLANG_WARN_DIRECT_OBJC_ISA_USAGE = YES_ERROR;
				CLANG_WARN_DOCUMENTATION_COMMENTS = YES;
				CLANG_WARN_EMPTY_BODY = YES;
				CLANG_WARN_ENUM_CONVERSION = YES;
				CLANG_WARN_INFINITE_RECURSION = YES;
				CLANG_WARN_INT_CONVERSION = YES;
				CLANG_WARN_NON_LITERAL_NULL_CONVERSION = YES;
				CLANG_WARN_OBJC_IMPLICIT_RETAIN_SELF = YES;
				CLANG_WARN_OBJC_LITERAL_CONVERSION = YES;
				CLANG_WARN_OBJC_ROOT_CLASS = YES_ERROR;
				CLANG_WARN_QUOTED_INCLUDE_IN_FRAMEWORK_HEADER = YES;
				CLANG_WARN_RANGE_LOOP_ANALYSIS = YES;
				CLANG_WARN_STRICT_PROTOTYPES = YES;
				CLANG_WARN_SUSPICIOUS_MOVE = YES;
				CLANG_WARN_UNGUARDED_AVAILABILITY = YES_AGGRESSIVE;
				CLANG_WARN_UNREACHABLE_CODE = YES;
				CLANG_WARN__DUPLICATE_METHOD_MATCH = YES;
				COPY_PHASE_STRIP = NO;
				DEBUG_INFORMATION_FORMAT = "dwarf-with-dsym";
				ENABLE_NS_ASSERTIONS = NO;
				ENABLE_STRICT_OBJC_MSGSEND = YES;
				GCC_C_LANGUAGE_STANDARD = gnu11;
				GCC_NO_COMMON_BLOCKS = YES;
				GCC_WARN_64_TO_32_BIT_CONVERSION = YES;
				GCC_WARN_ABOUT_RETURN_TYPE = YES_ERROR;
				GCC_WARN_UNDECLARED_SELECTOR = YES;
				GCC_WARN_UNINITIALIZED_AUTOS = YES_AGGRESSIVE;
				GCC_WARN_UNUSED_FUNCTION = YES;
				GCC_WARN_UNUSED_VARIABLE = YES;
				IPHONEOS_DEPLOYMENT_TARGET = 15.2;
				MTL_ENABLE_DEBUG_INFO = NO;
				MTL_FAST_MATH = YES;
				SDKROOT = iphoneos;
				SWIFT_COMPILATION_MODE = wholemodule;
				SWIFT_OPTIMIZATION_LEVEL = "-O";
				VALIDATE_PRODUCT = YES;
			};
			name = Release;
		};
		837B5D932799FEC300882BDE /* Debug */ = {
			isa = XCBuildConfiguration;
			buildSettings = {
				ASSETCATALOG_COMPILER_APPICON_NAME = AppIcon;
				ASSETCATALOG_COMPILER_GLOBAL_ACCENT_COLOR_NAME = AccentColor;
				CODE_SIGN_STYLE = Automatic;
				CURRENT_PROJECT_VERSION = 1;
				GENERATE_INFOPLIST_FILE = YES;
				INFOPLIST_FILE = Prework/Info.plist;
				INFOPLIST_KEY_UIApplicationSupportsIndirectInputEvents = YES;
				INFOPLIST_KEY_UILaunchStoryboardName = LaunchScreen;
				INFOPLIST_KEY_UIMainStoryboardFile = Main;
				INFOPLIST_KEY_UISupportedInterfaceOrientations_iPad = "UIInterfaceOrientationPortrait UIInterfaceOrientationPortraitUpsideDown UIInterfaceOrientationLandscapeLeft UIInterfaceOrientationLandscapeRight";
				INFOPLIST_KEY_UISupportedInterfaceOrientations_iPhone = "UIInterfaceOrientationPortrait UIInterfaceOrientationLandscapeLeft UIInterfaceOrientationLandscapeRight";
				LD_RUNPATH_SEARCH_PATHS = (
					"$(inherited)",
					"@executable_path/Frameworks",
				);
				MARKETING_VERSION = 1.0;
				PRODUCT_BUNDLE_IDENTIFIER = chris.Prework;
				PRODUCT_NAME = "$(TARGET_NAME)";
				SWIFT_EMIT_LOC_STRINGS = YES;
				SWIFT_VERSION = 5.0;
				TARGETED_DEVICE_FAMILY = "1,2";
			};
			name = Debug;
		};
		837B5D942799FEC300882BDE /* Release */ = {
			isa = XCBuildConfiguration;
			buildSettings = {
				ASSETCATALOG_COMPILER_APPICON_NAME = AppIcon;
				ASSETCATALOG_COMPILER_GLOBAL_ACCENT_COLOR_NAME = AccentColor;
				CODE_SIGN_STYLE = Automatic;
				CURRENT_PROJECT_VERSION = 1;
				GENERATE_INFOPLIST_FILE = YES;
				INFOPLIST_FILE = Prework/Info.plist;
				INFOPLIST_KEY_UIApplicationSupportsIndirectInputEvents = YES;
				INFOPLIST_KEY_UILaunchStoryboardName = LaunchScreen;
				INFOPLIST_KEY_UIMainStoryboardFile = Main;
				INFOPLIST_KEY_UISupportedInterfaceOrientations_iPad = "UIInterfaceOrientationPortrait UIInterfaceOrientationPortraitUpsideDown UIInterfaceOrientationLandscapeLeft UIInterfaceOrientationLandscapeRight";
				INFOPLIST_KEY_UISupportedInterfaceOrientations_iPhone = "UIInterfaceOrientationPortrait UIInterfaceOrientationLandscapeLeft UIInterfaceOrientationLandscapeRight";
				LD_RUNPATH_SEARCH_PATHS = (
					"$(inherited)",
					"@executable_path/Frameworks",
				);
				MARKETING_VERSION = 1.0;
				PRODUCT_BUNDLE_IDENTIFIER = chris.Prework;
				PRODUCT_NAME = "$(TARGET_NAME)";
				SWIFT_EMIT_LOC_STRINGS = YES;
				SWIFT_VERSION = 5.0;
				TARGETED_DEVICE_FAMILY = "1,2";
			};
			name = Release;
		};
		837B5D962799FEC300882BDE /* Debug */ = {
			isa = XCBuildConfiguration;
			buildSettings = {
				ALWAYS_EMBED_SWIFT_STANDARD_LIBRARIES = YES;
				BUNDLE_LOADER = "$(TEST_HOST)";
				CODE_SIGN_STYLE = Automatic;
				CURRENT_PROJECT_VERSION = 1;
				GENERATE_INFOPLIST_FILE = YES;
				IPHONEOS_DEPLOYMENT_TARGET = 15.2;
				MARKETING_VERSION = 1.0;
				PRODUCT_BUNDLE_IDENTIFIER = chris.PreworkTests;
				PRODUCT_NAME = "$(TARGET_NAME)";
				SWIFT_EMIT_LOC_STRINGS = NO;
				SWIFT_VERSION = 5.0;
				TARGETED_DEVICE_FAMILY = "1,2";
				TEST_HOST = "$(BUILT_PRODUCTS_DIR)/Prework.app/Prework";
			};
			name = Debug;
		};
		837B5D972799FEC300882BDE /* Release */ = {
			isa = XCBuildConfiguration;
			buildSettings = {
				ALWAYS_EMBED_SWIFT_STANDARD_LIBRARIES = YES;
				BUNDLE_LOADER = "$(TEST_HOST)";
				CODE_SIGN_STYLE = Automatic;
				CURRENT_PROJECT_VERSION = 1;
				GENERATE_INFOPLIST_FILE = YES;
				IPHONEOS_DEPLOYMENT_TARGET = 15.2;
				MARKETING_VERSION = 1.0;
				PRODUCT_BUNDLE_IDENTIFIER = chris.PreworkTests;
				PRODUCT_NAME = "$(TARGET_NAME)";
				SWIFT_EMIT_LOC_STRINGS = NO;
				SWIFT_VERSION = 5.0;
				TARGETED_DEVICE_FAMILY = "1,2";
				TEST_HOST = "$(BUILT_PRODUCTS_DIR)/Prework.app/Prework";
			};
			name = Release;
		};
		837B5D992799FEC300882BDE /* Debug */ = {
			isa = XCBuildConfiguration;
			buildSettings = {
				ALWAYS_EMBED_SWIFT_STANDARD_LIBRARIES = YES;
				CODE_SIGN_STYLE = Automatic;
				CURRENT_PROJECT_VERSION = 1;
				GENERATE_INFOPLIST_FILE = YES;
				MARKETING_VERSION = 1.0;
				PRODUCT_BUNDLE_IDENTIFIER = chris.PreworkUITests;
				PRODUCT_NAME = "$(TARGET_NAME)";
				SWIFT_EMIT_LOC_STRINGS = NO;
				SWIFT_VERSION = 5.0;
				TARGETED_DEVICE_FAMILY = "1,2";
				TEST_TARGET_NAME = Prework;
			};
			name = Debug;
		};
		837B5D9A2799FEC300882BDE /* Release */ = {
			isa = XCBuildConfiguration;
			buildSettings = {
				ALWAYS_EMBED_SWIFT_STANDARD_LIBRARIES = YES;
				CODE_SIGN_STYLE = Automatic;
				CURRENT_PROJECT_VERSION = 1;
				GENERATE_INFOPLIST_FILE = YES;
				MARKETING_VERSION = 1.0;
				PRODUCT_BUNDLE_IDENTIFIER = chris.PreworkUITests;
				PRODUCT_NAME = "$(TARGET_NAME)";
				SWIFT_EMIT_LOC_STRINGS = NO;
				SWIFT_VERSION = 5.0;
				TARGETED_DEVICE_FAMILY = "1,2";
				TEST_TARGET_NAME = Prework;
			};
			name = Release;
		};
/* End XCBuildConfiguration section */

/* Begin XCConfigurationList section */
		837B5D632799FEC200882BDE /* Build configuration list for PBXProject "Prework" */ = {
			isa = XCConfigurationList;
			buildConfigurations = (
				837B5D902799FEC300882BDE /* Debug */,
				837B5D912799FEC300882BDE /* Release */,
			);
			defaultConfigurationIsVisible = 0;
			defaultConfigurationName = Release;
		};
		837B5D922799FEC300882BDE /* Build configuration list for PBXNativeTarget "Prework" */ = {
			isa = XCConfigurationList;
			buildConfigurations = (
				837B5D932799FEC300882BDE /* Debug */,
				837B5D942799FEC300882BDE /* Release */,
			);
			defaultConfigurationIsVisible = 0;
			defaultConfigurationName = Release;
		};
		837B5D952799FEC300882BDE /* Build configuration list for PBXNativeTarget "PreworkTests" */ = {
			isa = XCConfigurationList;
			buildConfigurations = (
				837B5D962799FEC300882BDE /* Debug */,
				837B5D972799FEC300882BDE /* Release */,
			);
			defaultConfigurationIsVisible = 0;
			defaultConfigurationName = Release;
		};
		837B5D982799FEC300882BDE /* Build configuration list for PBXNativeTarget "PreworkUITests" */ = {
			isa = XCConfigurationList;
			buildConfigurations = (
				837B5D992799FEC300882BDE /* Debug */,
				837B5D9A2799FEC300882BDE /* Release */,
			);
			defaultConfigurationIsVisible = 0;
			defaultConfigurationName = Release;
		};
/* End XCConfigurationList section */
	};
	rootObject = 837B5D602799FEC200882BDE /* Project object */;
}
